
Microsoft Visual Studio Solution File, Format Version 12.00
# Visual Studio Version 16
VisualStudioVersion = 16.0.32002.261
MinimumVisualStudioVersion = 10.0.40219.1
Project("{FAE04EC0-301F-11D3-BF4B-00C04F79EFBC}") = "cli", "cli\cli.csproj", "{3D3268E7-78E3-4B40-AF0A-55BB45151B85}"
EndProject
Global
	GlobalSection(SolutionConfigurationPlatforms) = preSolution
		Debug|Any CPU = Debug|Any CPU
		Release|Any CPU = Release|Any CPU
	EndGlobalSection
	GlobalSection(ProjectConfigurationPlatforms) = postSolution
		{3D3268E7-78E3-4B40-AF0A-55BB45151B85}.Debug|Any CPU.ActiveCfg = Debug|Any CPU
		{3D3268E7-78E3-4B40-AF0A-55BB45151B85}.Debug|Any CPU.Build.0 = Debug|Any CPU
		{3D3268E7-78E3-4B40-AF0A-55BB45151B85}.Release|Any CPU.ActiveCfg = Release|Any CPU
		{3D3268E7-78E3-4B40-AF0A-55BB45151B85}.Release|Any CPU.Build.0 = Release|Any CPU
	EndGlobalSection
	GlobalSection(SolutionProperties) = preSolution
		HideSolutionNode = FALSE
	EndGlobalSection
	GlobalSection(ExtensibilityGlobals) = postSolution
		SolutionGuid = {C2452035-1CD6-4147-8C1A-E0842DB30A08}
	EndGlobalSection
EndGlobal
